
Microsoft Visual Studio Solution File, Format Version 12.00
# Visual Studio Version 17
VisualStudioVersion = 17.4.33213.308
MinimumVisualStudioVersion = 10.0.40219.1
Project("{9A19103F-16F7-4668-BE54-9A1E7A4F7556}") = "Sales.Shared", "Sales.Shared\Sales.Shared.csproj", "{4C31462D-74F7-45BF-85FB-113C888BD1AF}"
EndProject
Project("{9A19103F-16F7-4668-BE54-9A1E7A4F7556}") = "Sales.Api", "Sales.Api\Sales.Api.csproj", "{84C0AEAB-0775-4636-A47D-0878F5D96F15}"
EndProject
Project("{9A19103F-16F7-4668-BE54-9A1E7A4F7556}") = "Sales.Web", "Sales.Web\Sales.Web.csproj", "{C04F0A77-3EAC-42E7-A398-4BD6A7A5AF7F}"
EndProject
Project("{9A19103F-16F7-4668-BE54-9A1E7A4F7556}") = "Sales.Mobile", "Sales.Mobile\Sales.Mobile.csproj", "{BA111239-47E7-495C-861D-A0CD188A60B4}"
EndProject
Global
	GlobalSection(SolutionConfigurationPlatforms) = preSolution
		Debug|Any CPU = Debug|Any CPU
		Release|Any CPU = Release|Any CPU
	EndGlobalSection
	GlobalSection(ProjectConfigurationPlatforms) = postSolution
		{4C31462D-74F7-45BF-85FB-113C888BD1AF}.Debug|Any CPU.ActiveCfg = Debug|Any CPU
		{4C31462D-74F7-45BF-85FB-113C888BD1AF}.Debug|Any CPU.Build.0 = Debug|Any CPU
		{4C31462D-74F7-45BF-85FB-113C888BD1AF}.Release|Any CPU.ActiveCfg = Release|Any CPU
		{4C31462D-74F7-45BF-85FB-113C888BD1AF}.Release|Any CPU.Build.0 = Release|Any CPU
		{84C0AEAB-0775-4636-A47D-0878F5D96F15}.Debug|Any CPU.ActiveCfg = Debug|Any CPU
		{84C0AEAB-0775-4636-A47D-0878F5D96F15}.Debug|Any CPU.Build.0 = Debug|Any CPU
		{84C0AEAB-0775-4636-A47D-0878F5D96F15}.Release|Any CPU.ActiveCfg = Release|Any CPU
		{84C0AEAB-0775-4636-A47D-0878F5D96F15}.Release|Any CPU.Build.0 = Release|Any CPU
		{C04F0A77-3EAC-42E7-A398-4BD6A7A5AF7F}.Debug|Any CPU.ActiveCfg = Debug|Any CPU
		{C04F0A77-3EAC-42E7-A398-4BD6A7A5AF7F}.Debug|Any CPU.Build.0 = Debug|Any CPU
		{C04F0A77-3EAC-42E7-A398-4BD6A7A5AF7F}.Release|Any CPU.ActiveCfg = Release|Any CPU
		{C04F0A77-3EAC-42E7-A398-4BD6A7A5AF7F}.Release|Any CPU.Build.0 = Release|Any CPU
		{BA111239-47E7-495C-861D-A0CD188A60B4}.Debug|Any CPU.ActiveCfg = Debug|Any CPU
		{BA111239-47E7-495C-861D-A0CD188A60B4}.Debug|Any CPU.Build.0 = Debug|Any CPU
		{BA111239-47E7-495C-861D-A0CD188A60B4}.Debug|Any CPU.Deploy.0 = Debug|Any CPU
		{BA111239-47E7-495C-861D-A0CD188A60B4}.Release|Any CPU.ActiveCfg = Release|Any CPU
		{BA111239-47E7-495C-861D-A0CD188A60B4}.Release|Any CPU.Build.0 = Release|Any CPU
		{BA111239-47E7-495C-861D-A0CD188A60B4}.Release|Any CPU.Deploy.0 = Release|Any CPU
	EndGlobalSection
	GlobalSection(SolutionProperties) = preSolution
		HideSolutionNode = FALSE
	EndGlobalSection
	GlobalSection(ExtensibilityGlobals) = postSolution
		SolutionGuid = {07AD89EA-5E81-41FE-82F4-E458756BCEE3}
	EndGlobalSection
EndGlobal
